
Microsoft Visual Studio Solution File, Format Version 12.00
# Visual Studio Version 16
VisualStudioVersion = 16.0.31129.286
MinimumVisualStudioVersion = 10.0.40219.1
Project("{FAE04EC0-301F-11D3-BF4B-00C04F79EFBC}") = "TestIntern", "TestIntern\TestIntern.csproj", "{07D7A88A-3CFC-4B8E-9D0C-1CFB9A381DCF}"
EndProject
Global
	GlobalSection(SolutionConfigurationPlatforms) = preSolution
		Debug|Any CPU = Debug|Any CPU
		Release|Any CPU = Release|Any CPU
	EndGlobalSection
	GlobalSection(ProjectConfigurationPlatforms) = postSolution
		{07D7A88A-3CFC-4B8E-9D0C-1CFB9A381DCF}.Debug|Any CPU.ActiveCfg = Debug|Any CPU
		{07D7A88A-3CFC-4B8E-9D0C-1CFB9A381DCF}.Debug|Any CPU.Build.0 = Debug|Any CPU
		{07D7A88A-3CFC-4B8E-9D0C-1CFB9A381DCF}.Release|Any CPU.ActiveCfg = Release|Any CPU
		{07D7A88A-3CFC-4B8E-9D0C-1CFB9A381DCF}.Release|Any CPU.Build.0 = Release|Any CPU
	EndGlobalSection
	GlobalSection(SolutionProperties) = preSolution
		HideSolutionNode = FALSE
	EndGlobalSection
	GlobalSection(ExtensibilityGlobals) = postSolution
		SolutionGuid = {2B320892-36D3-4770-889E-E6979277A054}
	EndGlobalSection
EndGlobal
